
Microsoft Visual Studio Solution File, Format Version 12.00
# Visual Studio Version 16
VisualStudioVersion = 16.0.30523.141
MinimumVisualStudioVersion = 10.0.40219.1
Project("{9A19103F-16F7-4668-BE54-9A1E7A4F7556}") = "Management.Portal", "Managment.Portal\Management.Portal.csproj", "{370407C9-E0C9-486B-9B23-621DF12769C7}"
EndProject
Project("{9A19103F-16F7-4668-BE54-9A1E7A4F7556}") = "Management.Core.Domain", "Managment.Core.Domain\Management.Core.Domain.csproj", "{5286960D-6A36-4DF5-A574-A8342D78DE97}"
EndProject
Project("{9A19103F-16F7-4668-BE54-9A1E7A4F7556}") = "Management.Core.DomainServices", "Managment.Core.DomainServices\Management.Core.DomainServices.csproj", "{FA952713-2300-4FC0-A525-A1427452010F}"
EndProject
Project("{9A19103F-16F7-4668-BE54-9A1E7A4F7556}") = "Management.Infrastructure", "Managment.Infrastructure\Management.Infrastructure.csproj", "{DFD4F499-FC05-4467-9C4B-4CD09296CE06}"
EndProject
Project("{9A19103F-16F7-4668-BE54-9A1E7A4F7556}") = "Customer.Api", "Customer.Api\Customer.Api.csproj", "{AA812B8A-24EA-4F08-87BB-53520F5C615B}"
EndProject
Project("{9A19103F-16F7-4668-BE54-9A1E7A4F7556}") = "Customer.Portal", "Customer.Portal\Customer.Portal.csproj", "{2FCAE30B-39BA-4AA8-9E82-DC1B476D0503}"
EndProject
Global
	GlobalSection(SolutionConfigurationPlatforms) = preSolution
		Debug|Any CPU = Debug|Any CPU
		Release|Any CPU = Release|Any CPU
	EndGlobalSection
	GlobalSection(ProjectConfigurationPlatforms) = postSolution
		{370407C9-E0C9-486B-9B23-621DF12769C7}.Debug|Any CPU.ActiveCfg = Debug|Any CPU
		{370407C9-E0C9-486B-9B23-621DF12769C7}.Debug|Any CPU.Build.0 = Debug|Any CPU
		{370407C9-E0C9-486B-9B23-621DF12769C7}.Release|Any CPU.ActiveCfg = Release|Any CPU
		{370407C9-E0C9-486B-9B23-621DF12769C7}.Release|Any CPU.Build.0 = Release|Any CPU
		{5286960D-6A36-4DF5-A574-A8342D78DE97}.Debug|Any CPU.ActiveCfg = Debug|Any CPU
		{5286960D-6A36-4DF5-A574-A8342D78DE97}.Debug|Any CPU.Build.0 = Debug|Any CPU
		{5286960D-6A36-4DF5-A574-A8342D78DE97}.Release|Any CPU.ActiveCfg = Release|Any CPU
		{5286960D-6A36-4DF5-A574-A8342D78DE97}.Release|Any CPU.Build.0 = Release|Any CPU
		{FA952713-2300-4FC0-A525-A1427452010F}.Debug|Any CPU.ActiveCfg = Debug|Any CPU
		{FA952713-2300-4FC0-A525-A1427452010F}.Debug|Any CPU.Build.0 = Debug|Any CPU
		{FA952713-2300-4FC0-A525-A1427452010F}.Release|Any CPU.ActiveCfg = Release|Any CPU
		{FA952713-2300-4FC0-A525-A1427452010F}.Release|Any CPU.Build.0 = Release|Any CPU
		{DFD4F499-FC05-4467-9C4B-4CD09296CE06}.Debug|Any CPU.ActiveCfg = Debug|Any CPU
		{DFD4F499-FC05-4467-9C4B-4CD09296CE06}.Debug|Any CPU.Build.0 = Debug|Any CPU
		{DFD4F499-FC05-4467-9C4B-4CD09296CE06}.Release|Any CPU.ActiveCfg = Release|Any CPU
		{DFD4F499-FC05-4467-9C4B-4CD09296CE06}.Release|Any CPU.Build.0 = Release|Any CPU
		{AA812B8A-24EA-4F08-87BB-53520F5C615B}.Debug|Any CPU.ActiveCfg = Debug|Any CPU
		{AA812B8A-24EA-4F08-87BB-53520F5C615B}.Debug|Any CPU.Build.0 = Debug|Any CPU
		{AA812B8A-24EA-4F08-87BB-53520F5C615B}.Release|Any CPU.ActiveCfg = Release|Any CPU
		{AA812B8A-24EA-4F08-87BB-53520F5C615B}.Release|Any CPU.Build.0 = Release|Any CPU
		{2FCAE30B-39BA-4AA8-9E82-DC1B476D0503}.Debug|Any CPU.ActiveCfg = Debug|Any CPU
		{2FCAE30B-39BA-4AA8-9E82-DC1B476D0503}.Debug|Any CPU.Build.0 = Debug|Any CPU
		{2FCAE30B-39BA-4AA8-9E82-DC1B476D0503}.Release|Any CPU.ActiveCfg = Release|Any CPU
		{2FCAE30B-39BA-4AA8-9E82-DC1B476D0503}.Release|Any CPU.Build.0 = Release|Any CPU
	EndGlobalSection
	GlobalSection(SolutionProperties) = preSolution
		HideSolutionNode = FALSE
	EndGlobalSection
	GlobalSection(ExtensibilityGlobals) = postSolution
		SolutionGuid = {0DB73194-989B-4DA4-92AE-41B7EFAAED14}
	EndGlobalSection
EndGlobal
